
Microsoft Visual Studio Solution File, Format Version 12.00
# Visual Studio Version 16
VisualStudioVersion = 16.0.30907.101
MinimumVisualStudioVersion = 10.0.40219.1
Project("{8BC9CEB8-8B4A-11D0-8D11-00A0C91BC942}") = "9_5_6_7", "9_5_6_7\9_5_6_7.vcxproj", "{F5A2BE66-195A-49DC-8A61-867707DE9187}"
EndProject
Project("{8BC9CEB8-8B4A-11D0-8D11-00A0C91BC942}") = "9_1", "9_1\9_1.vcxproj", "{DCE4D414-1AFE-4468-A507-B507AA6A4863}"
EndProject
Project("{8BC9CEB8-8B4A-11D0-8D11-00A0C91BC942}") = "9_2", "9_2\9_2.vcxproj", "{8B359C1F-EEBA-4B99-A251-45ADE2FE2E43}"
EndProject
Project("{8BC9CEB8-8B4A-11D0-8D11-00A0C91BC942}") = "9_3_4", "9_3_4\9_3_4.vcxproj", "{6BE3E081-FA97-46E5-88D4-48301BAAB1CE}"
EndProject
Project("{8BC9CEB8-8B4A-11D0-8D11-00A0C91BC942}") = "9_8_9", "9_8_9\9_8_9.vcxproj", "{364A8A37-3A0C-43CC-A5B6-97AEA65875B3}"
EndProject
Project("{8BC9CEB8-8B4A-11D0-8D11-00A0C91BC942}") = "9_10", "9_10\9_10.vcxproj", "{06DE0F60-0466-4EDF-BA81-9387ED224975}"
EndProject
Project("{8BC9CEB8-8B4A-11D0-8D11-00A0C91BC942}") = "9_11", "9_11\9_11.vcxproj", "{817D426F-70C3-4AE6-BFA7-D05927B6572C}"
EndProject
Project("{8BC9CEB8-8B4A-11D0-8D11-00A0C91BC942}") = "9_12", "9_12\9_12.vcxproj", "{82C12F0D-67D8-4C51-B1E5-69599D57E87B}"
EndProject
Project("{8BC9CEB8-8B4A-11D0-8D11-00A0C91BC942}") = "9_13", "9_13\9_13.vcxproj", "{49E08F2B-37E2-4C31-9995-88B3101E254D}"
EndProject
Project("{8BC9CEB8-8B4A-11D0-8D11-00A0C91BC942}") = "9_14", "9_14\9_14.vcxproj", "{24ED65F0-3D02-4103-AB93-241D2221E805}"
EndProject
Project("{8BC9CEB8-8B4A-11D0-8D11-00A0C91BC942}") = "9_15", "9_15\9_15.vcxproj", "{82DE49BF-53D8-4927-964C-23DF8E790B8C}"
EndProject
Project("{8BC9CEB8-8B4A-11D0-8D11-00A0C91BC942}") = "9_16", "9_16\9_16.vcxproj", "{47C4B9A3-6590-4805-B093-2A61EBFEF428}"
EndProject
Global
	GlobalSection(SolutionConfigurationPlatforms) = preSolution
		Debug|Win32 = Debug|Win32
		Debug|x64 = Debug|x64
		Release|Win32 = Release|Win32
		Release|x64 = Release|x64
	EndGlobalSection
	GlobalSection(ProjectConfigurationPlatforms) = postSolution
		{F5A2BE66-195A-49DC-8A61-867707DE9187}.Debug|Win32.ActiveCfg = Debug|Win32
		{F5A2BE66-195A-49DC-8A61-867707DE9187}.Debug|Win32.Build.0 = Debug|Win32
		{F5A2BE66-195A-49DC-8A61-867707DE9187}.Debug|x64.ActiveCfg = Debug|x64
		{F5A2BE66-195A-49DC-8A61-867707DE9187}.Debug|x64.Build.0 = Debug|x64
		{F5A2BE66-195A-49DC-8A61-867707DE9187}.Release|Win32.ActiveCfg = Release|Win32
		{F5A2BE66-195A-49DC-8A61-867707DE9187}.Release|Win32.Build.0 = Release|Win32
		{F5A2BE66-195A-49DC-8A61-867707DE9187}.Release|x64.ActiveCfg = Release|x64
		{F5A2BE66-195A-49DC-8A61-867707DE9187}.Release|x64.Build.0 = Release|x64
		{DCE4D414-1AFE-4468-A507-B507AA6A4863}.Debug|Win32.ActiveCfg = Debug|Win32
		{DCE4D414-1AFE-4468-A507-B507AA6A4863}.Debug|Win32.Build.0 = Debug|Win32
		{DCE4D414-1AFE-4468-A507-B507AA6A4863}.Debug|x64.ActiveCfg = Debug|x64
		{DCE4D414-1AFE-4468-A507-B507AA6A4863}.Debug|x64.Build.0 = Debug|x64
		{DCE4D414-1AFE-4468-A507-B507AA6A4863}.Release|Win32.ActiveCfg = Release|Win32
		{DCE4D414-1AFE-4468-A507-B507AA6A4863}.Release|Win32.Build.0 = Release|Win32
		{DCE4D414-1AFE-4468-A507-B507AA6A4863}.Release|x64.ActiveCfg = Release|x64
		{DCE4D414-1AFE-4468-A507-B507AA6A4863}.Release|x64.Build.0 = Release|x64
		{8B359C1F-EEBA-4B99-A251-45ADE2FE2E43}.Debug|Win32.ActiveCfg = Debug|Win32
		{8B359C1F-EEBA-4B99-A251-45ADE2FE2E43}.Debug|Win32.Build.0 = Debug|Win32
		{8B359C1F-EEBA-4B99-A251-45ADE2FE2E43}.Debug|x64.ActiveCfg = Debug|x64
		{8B359C1F-EEBA-4B99-A251-45ADE2FE2E43}.Debug|x64.Build.0 = Debug|x64
		{8B359C1F-EEBA-4B99-A251-45ADE2FE2E43}.Release|Win32.ActiveCfg = Release|Win32
		{8B359C1F-EEBA-4B99-A251-45ADE2FE2E43}.Release|Win32.Build.0 = Release|Win32
		{8B359C1F-EEBA-4B99-A251-45ADE2FE2E43}.Release|x64.ActiveCfg = Release|x64
		{8B359C1F-EEBA-4B99-A251-45ADE2FE2E43}.Release|x64.Build.0 = Release|x64
		{6BE3E081-FA97-46E5-88D4-48301BAAB1CE}.Debug|Win32.ActiveCfg = Debug|Win32
		{6BE3E081-FA97-46E5-88D4-48301BAAB1CE}.Debug|Win32.Build.0 = Debug|Win32
		{6BE3E081-FA97-46E5-88D4-48301BAAB1CE}.Debug|x64.ActiveCfg = Debug|x64
		{6BE3E081-FA97-46E5-88D4-48301BAAB1CE}.Debug|x64.Build.0 = Debug|x64
		{6BE3E081-FA97-46E5-88D4-48301BAAB1CE}.Release|Win32.ActiveCfg = Release|Win32
		{6BE3E081-FA97-46E5-88D4-48301BAAB1CE}.Release|Win32.Build.0 = Release|Win32
		{6BE3E081-FA97-46E5-88D4-48301BAAB1CE}.Release|x64.ActiveCfg = Release|x64
		{6BE3E081-FA97-46E5-88D4-48301BAAB1CE}.Release|x64.Build.0 = Release|x64
		{364A8A37-3A0C-43CC-A5B6-97AEA65875B3}.Debug|Win32.ActiveCfg = Debug|Win32
		{364A8A37-3A0C-43CC-A5B6-97AEA65875B3}.Debug|Win32.Build.0 = Debug|Win32
		{364A8A37-3A0C-43CC-A5B6-97AEA65875B3}.Debug|x64.ActiveCfg = Debug|x64
		{364A8A37-3A0C-43CC-A5B6-97AEA65875B3}.Debug|x64.Build.0 = Debug|x64
		{364A8A37-3A0C-43CC-A5B6-97AEA65875B3}.Release|Win32.ActiveCfg = Release|Win32
		{364A8A37-3A0C-43CC-A5B6-97AEA65875B3}.Release|Win32.Build.0 = Release|Win32
		{364A8A37-3A0C-43CC-A5B6-97AEA65875B3}.Release|x64.ActiveCfg = Release|x64
		{364A8A37-3A0C-43CC-A5B6-97AEA65875B3}.Release|x64.Build.0 = Release|x64
		{06DE0F60-0466-4EDF-BA81-9387ED224975}.Debug|Win32.ActiveCfg = Debug|Win32
		{06DE0F60-0466-4EDF-BA81-9387ED224975}.Debug|Win32.Build.0 = Debug|Win32
		{06DE0F60-0466-4EDF-BA81-9387ED224975}.Debug|x64.ActiveCfg = Debug|x64
		{06DE0F60-0466-4EDF-BA81-9387ED224975}.Debug|x64.Build.0 = Debug|x64
		{06DE0F60-0466-4EDF-BA81-9387ED224975}.Release|Win32.ActiveCfg = Release|Win32
		{06DE0F60-0466-4EDF-BA81-9387ED224975}.Release|Win32.Build.0 = Release|Win32
		{06DE0F60-0466-4EDF-BA81-9387ED224975}.Release|x64.ActiveCfg = Release|x64
		{06DE0F60-0466-4EDF-BA81-9387ED224975}.Release|x64.Build.0 = Release|x64
		{817D426F-70C3-4AE6-BFA7-D05927B6572C}.Debug|Win32.ActiveCfg = Debug|Win32
		{817D426F-70C3-4AE6-BFA7-D05927B6572C}.Debug|Win32.Build.0 = Debug|Win32
		{817D426F-70C3-4AE6-BFA7-D05927B6572C}.Debug|x64.ActiveCfg = Debug|x64
		{817D426F-70C3-4AE6-BFA7-D05927B6572C}.Debug|x64.Build.0 = Debug|x64
		{817D426F-70C3-4AE6-BFA7-D05927B6572C}.Release|Win32.ActiveCfg = Release|Win32
		{817D426F-70C3-4AE6-BFA7-D05927B6572C}.Release|Win32.Build.0 = Release|Win32
		{817D426F-70C3-4AE6-BFA7-D05927B6572C}.Release|x64.ActiveCfg = Release|x64
		{817D426F-70C3-4AE6-BFA7-D05927B6572C}.Release|x64.Build.0 = Release|x64
		{82C12F0D-67D8-4C51-B1E5-69599D57E87B}.Debug|Win32.ActiveCfg = Debug|Win32
		{82C12F0D-67D8-4C51-B1E5-69599D57E87B}.Debug|Win32.Build.0 = Debug|Win32
		{82C12F0D-67D8-4C51-B1E5-69599D57E87B}.Debug|x64.ActiveCfg = Debug|x64
		{82C12F0D-67D8-4C51-B1E5-69599D57E87B}.Debug|x64.Build.0 = Debug|x64
		{82C12F0D-67D8-4C51-B1E5-69599D57E87B}.Release|Win32.ActiveCfg = Release|Win32
		{82C12F0D-67D8-4C51-B1E5-69599D57E87B}.Release|Win32.Build.0 = Release|Win32
		{82C12F0D-67D8-4C51-B1E5-69599D57E87B}.Release|x64.ActiveCfg = Release|x64
		{82C12F0D-67D8-4C51-B1E5-69599D57E87B}.Release|x64.Build.0 = Release|x64
		{49E08F2B-37E2-4C31-9995-88B3101E254D}.Debug|Win32.ActiveCfg = Debug|Win32
		{49E08F2B-37E2-4C31-9995-88B3101E254D}.Debug|Win32.Build.0 = Debug|Win32
		{49E08F2B-37E2-4C31-9995-88B3101E254D}.Debug|x64.ActiveCfg = Debug|x64
		{49E08F2B-37E2-4C31-9995-88B3101E254D}.Debug|x64.Build.0 = Debug|x64
		{49E08F2B-37E2-4C31-9995-88B3101E254D}.Release|Win32.ActiveCfg = Release|Win32
		{49E08F2B-37E2-4C31-9995-88B3101E254D}.Release|Win32.Build.0 = Release|Win32
		{49E08F2B-37E2-4C31-9995-88B3101E254D}.Release|x64.ActiveCfg = Release|x64
		{49E08F2B-37E2-4C31-9995-88B3101E254D}.Release|x64.Build.0 = Release|x64
		{24ED65F0-3D02-4103-AB93-241D2221E805}.Debug|Win32.ActiveCfg = Debug|Win32
		{24ED65F0-3D02-4103-AB93-241D2221E805}.Debug|Win32.Build.0 = Debug|Win32
		{24ED65F0-3D02-4103-AB93-241D2221E805}.Debug|x64.ActiveCfg = Debug|x64
		{24ED65F0-3D02-4103-AB93-241D2221E805}.Debug|x64.Build.0 = Debug|x64
		{24ED65F0-3D02-4103-AB93-241D2221E805}.Release|Win32.ActiveCfg = Release|Win32
		{24ED65F0-3D02-4103-AB93-241D2221E805}.Release|Win32.Build.0 = Release|Win32
		{24ED65F0-3D02-4103-AB93-241D2221E805}.Release|x64.ActiveCfg = Release|x64
		{24ED65F0-3D02-4103-AB93-241D2221E805}.Release|x64.Build.0 = Release|x64
		{82DE49BF-53D8-4927-964C-23DF8E790B8C}.Debug|Win32.ActiveCfg = Debug|Win32
		{82DE49BF-53D8-4927-964C-23DF8E790B8C}.Debug|Win32.Build.0 = Debug|Win32
		{82DE49BF-53D8-4927-964C-23DF8E790B8C}.Debug|x64.ActiveCfg = Debug|x64
		{82DE49BF-53D8-4927-964C-23DF8E790B8C}.Debug|x64.Build.0 = Debug|x64
		{82DE49BF-53D8-4927-964C-23DF8E790B8C}.Release|Win32.ActiveCfg = Release|Win32
		{82DE49BF-53D8-4927-964C-23DF8E790B8C}.Release|Win32.Build.0 = Release|Win32
		{82DE49BF-53D8-4927-964C-23DF8E790B8C}.Release|x64.ActiveCfg = Release|x64
		{82DE49BF-53D8-4927-964C-23DF8E790B8C}.Release|x64.Build.0 = Release|x64
		{47C4B9A3-6590-4805-B093-2A61EBFEF428}.Debug|Win32.ActiveCfg = Debug|Win32
		{47C4B9A3-6590-4805-B093-2A61EBFEF428}.Debug|Win32.Build.0 = Debug|Win32
		{47C4B9A3-6590-4805-B093-2A61EBFEF428}.Debug|x64.ActiveCfg = Debug|x64
		{47C4B9A3-6590-4805-B093-2A61EBFEF428}.Debug|x64.Build.0 = Debug|x64
		{47C4B9A3-6590-4805-B093-2A61EBFEF428}.Release|Win32.ActiveCfg = Release|Win32
		{47C4B9A3-6590-4805-B093-2A61EBFEF428}.Release|Win32.Build.0 = Release|Win32
		{47C4B9A3-6590-4805-B093-2A61EBFEF428}.Release|x64.ActiveCfg = Release|x64
		{47C4B9A3-6590-4805-B093-2A61EBFEF428}.Release|x64.Build.0 = Release|x64
	EndGlobalSection
	GlobalSection(SolutionProperties) = preSolution
		HideSolutionNode = FALSE
	EndGlobalSection
	GlobalSection(ExtensibilityGlobals) = postSolution
		SolutionGuid = {9C035CF9-DDCB-4A1B-B72A-6BCC386D662F}
	EndGlobalSection
EndGlobal
