
Microsoft Visual Studio Solution File, Format Version 12.00
# Visual Studio Version 16
VisualStudioVersion = 16.0.30907.101
MinimumVisualStudioVersion = 10.0.40219.1
Project("{8BC9CEB8-8B4A-11D0-8D11-00A0C91BC942}") = "3_1", "3_1\3_1.vcxproj", "{59F9C03E-106D-434E-99C7-50CDB18B0C12}"
EndProject
Project("{8BC9CEB8-8B4A-11D0-8D11-00A0C91BC942}") = "3_2", "3_2\3_2.vcxproj", "{E3AADD68-DCEF-4C36-8CEE-B663479B6191}"
EndProject
Project("{8BC9CEB8-8B4A-11D0-8D11-00A0C91BC942}") = "3_3", "3_3\3_3.vcxproj", "{D978471C-CBD5-46B7-8418-48A0FBDACD3F}"
EndProject
Project("{8BC9CEB8-8B4A-11D0-8D11-00A0C91BC942}") = "3_4", "3_4\3_4.vcxproj", "{42147F2E-F7DC-4244-8BC7-E7E57061C9D1}"
EndProject
Project("{8BC9CEB8-8B4A-11D0-8D11-00A0C91BC942}") = "3_5", "3_5\3_5.vcxproj", "{CDB2668D-9175-4D5D-A3E4-26DFC9BBBF33}"
EndProject
Project("{8BC9CEB8-8B4A-11D0-8D11-00A0C91BC942}") = "3_6", "3_6\3_6.vcxproj", "{AEF4802D-5BF6-43B8-84DA-58E846F583B6}"
EndProject
Project("{8BC9CEB8-8B4A-11D0-8D11-00A0C91BC942}") = "3_7", "3_7\3_7.vcxproj", "{589E2786-1A88-49FA-8686-CF8805AB2B23}"
EndProject
Project("{8BC9CEB8-8B4A-11D0-8D11-00A0C91BC942}") = "3_8", "3_8\3_8.vcxproj", "{8DE47E13-1203-474A-9F7C-4181B2FBE1BD}"
EndProject
Project("{8BC9CEB8-8B4A-11D0-8D11-00A0C91BC942}") = "3_9", "3_9\3_9.vcxproj", "{E9067350-6E55-47FB-AE5A-A20CA871F01E}"
EndProject
Project("{8BC9CEB8-8B4A-11D0-8D11-00A0C91BC942}") = "3_10", "3_10\3_10.vcxproj", "{A65C5BB4-CB78-4FD4-9635-249AC1D06F2B}"
EndProject
Project("{8BC9CEB8-8B4A-11D0-8D11-00A0C91BC942}") = "3_11", "3_11\3_11.vcxproj", "{F6FAF165-306A-4127-97DB-34E8FE53253C}"
EndProject
Project("{8BC9CEB8-8B4A-11D0-8D11-00A0C91BC942}") = "3_12", "3_12\3_12.vcxproj", "{787C0DD0-8E75-4C48-B080-D067CD46829E}"
EndProject
Project("{8BC9CEB8-8B4A-11D0-8D11-00A0C91BC942}") = "3_13", "3_13\3_13.vcxproj", "{5EC0F14E-33F9-4100-AE3D-85C653AC4331}"
EndProject
Project("{8BC9CEB8-8B4A-11D0-8D11-00A0C91BC942}") = "3_14", "3_14\3_14.vcxproj", "{D4DC9A41-C1E1-433B-8017-1B1C0CAC68D6}"
EndProject
Project("{8BC9CEB8-8B4A-11D0-8D11-00A0C91BC942}") = "3_15", "3_15\3_15.vcxproj", "{A086B4BB-D5F7-4CF1-ABF1-31C745979E77}"
EndProject
Project("{8BC9CEB8-8B4A-11D0-8D11-00A0C91BC942}") = "3_16", "3_16\3_16.vcxproj", "{F2D0C98D-8ACB-4B9F-BE09-6D57BDDADE68}"
EndProject
Project("{8BC9CEB8-8B4A-11D0-8D11-00A0C91BC942}") = "3_17", "3_17\3_17.vcxproj", "{B8FC44C4-0A06-4815-8CE7-BBF367655F62}"
EndProject
Global
	GlobalSection(SolutionConfigurationPlatforms) = preSolution
		Debug|x64 = Debug|x64
		Debug|x86 = Debug|x86
		Release|x64 = Release|x64
		Release|x86 = Release|x86
	EndGlobalSection
	GlobalSection(ProjectConfigurationPlatforms) = postSolution
		{59F9C03E-106D-434E-99C7-50CDB18B0C12}.Debug|x64.ActiveCfg = Debug|x64
		{59F9C03E-106D-434E-99C7-50CDB18B0C12}.Debug|x64.Build.0 = Debug|x64
		{59F9C03E-106D-434E-99C7-50CDB18B0C12}.Debug|x86.ActiveCfg = Debug|Win32
		{59F9C03E-106D-434E-99C7-50CDB18B0C12}.Debug|x86.Build.0 = Debug|Win32
		{59F9C03E-106D-434E-99C7-50CDB18B0C12}.Release|x64.ActiveCfg = Release|x64
		{59F9C03E-106D-434E-99C7-50CDB18B0C12}.Release|x64.Build.0 = Release|x64
		{59F9C03E-106D-434E-99C7-50CDB18B0C12}.Release|x86.ActiveCfg = Release|Win32
		{59F9C03E-106D-434E-99C7-50CDB18B0C12}.Release|x86.Build.0 = Release|Win32
		{E3AADD68-DCEF-4C36-8CEE-B663479B6191}.Debug|x64.ActiveCfg = Debug|x64
		{E3AADD68-DCEF-4C36-8CEE-B663479B6191}.Debug|x64.Build.0 = Debug|x64
		{E3AADD68-DCEF-4C36-8CEE-B663479B6191}.Debug|x86.ActiveCfg = Debug|Win32
		{E3AADD68-DCEF-4C36-8CEE-B663479B6191}.Debug|x86.Build.0 = Debug|Win32
		{E3AADD68-DCEF-4C36-8CEE-B663479B6191}.Release|x64.ActiveCfg = Release|x64
		{E3AADD68-DCEF-4C36-8CEE-B663479B6191}.Release|x64.Build.0 = Release|x64
		{E3AADD68-DCEF-4C36-8CEE-B663479B6191}.Release|x86.ActiveCfg = Release|Win32
		{E3AADD68-DCEF-4C36-8CEE-B663479B6191}.Release|x86.Build.0 = Release|Win32
		{D978471C-CBD5-46B7-8418-48A0FBDACD3F}.Debug|x64.ActiveCfg = Debug|x64
		{D978471C-CBD5-46B7-8418-48A0FBDACD3F}.Debug|x64.Build.0 = Debug|x64
		{D978471C-CBD5-46B7-8418-48A0FBDACD3F}.Debug|x86.ActiveCfg = Debug|Win32
		{D978471C-CBD5-46B7-8418-48A0FBDACD3F}.Debug|x86.Build.0 = Debug|Win32
		{D978471C-CBD5-46B7-8418-48A0FBDACD3F}.Release|x64.ActiveCfg = Release|x64
		{D978471C-CBD5-46B7-8418-48A0FBDACD3F}.Release|x64.Build.0 = Release|x64
		{D978471C-CBD5-46B7-8418-48A0FBDACD3F}.Release|x86.ActiveCfg = Release|Win32
		{D978471C-CBD5-46B7-8418-48A0FBDACD3F}.Release|x86.Build.0 = Release|Win32
		{42147F2E-F7DC-4244-8BC7-E7E57061C9D1}.Debug|x64.ActiveCfg = Debug|x64
		{42147F2E-F7DC-4244-8BC7-E7E57061C9D1}.Debug|x64.Build.0 = Debug|x64
		{42147F2E-F7DC-4244-8BC7-E7E57061C9D1}.Debug|x86.ActiveCfg = Debug|Win32
		{42147F2E-F7DC-4244-8BC7-E7E57061C9D1}.Debug|x86.Build.0 = Debug|Win32
		{42147F2E-F7DC-4244-8BC7-E7E57061C9D1}.Release|x64.ActiveCfg = Release|x64
		{42147F2E-F7DC-4244-8BC7-E7E57061C9D1}.Release|x64.Build.0 = Release|x64
		{42147F2E-F7DC-4244-8BC7-E7E57061C9D1}.Release|x86.ActiveCfg = Release|Win32
		{42147F2E-F7DC-4244-8BC7-E7E57061C9D1}.Release|x86.Build.0 = Release|Win32
		{CDB2668D-9175-4D5D-A3E4-26DFC9BBBF33}.Debug|x64.ActiveCfg = Debug|x64
		{CDB2668D-9175-4D5D-A3E4-26DFC9BBBF33}.Debug|x64.Build.0 = Debug|x64
		{CDB2668D-9175-4D5D-A3E4-26DFC9BBBF33}.Debug|x86.ActiveCfg = Debug|Win32
		{CDB2668D-9175-4D5D-A3E4-26DFC9BBBF33}.Debug|x86.Build.0 = Debug|Win32
		{CDB2668D-9175-4D5D-A3E4-26DFC9BBBF33}.Release|x64.ActiveCfg = Release|x64
		{CDB2668D-9175-4D5D-A3E4-26DFC9BBBF33}.Release|x64.Build.0 = Release|x64
		{CDB2668D-9175-4D5D-A3E4-26DFC9BBBF33}.Release|x86.ActiveCfg = Release|Win32
		{CDB2668D-9175-4D5D-A3E4-26DFC9BBBF33}.Release|x86.Build.0 = Release|Win32
		{AEF4802D-5BF6-43B8-84DA-58E846F583B6}.Debug|x64.ActiveCfg = Debug|x64
		{AEF4802D-5BF6-43B8-84DA-58E846F583B6}.Debug|x64.Build.0 = Debug|x64
		{AEF4802D-5BF6-43B8-84DA-58E846F583B6}.Debug|x86.ActiveCfg = Debug|Win32
		{AEF4802D-5BF6-43B8-84DA-58E846F583B6}.Debug|x86.Build.0 = Debug|Win32
		{AEF4802D-5BF6-43B8-84DA-58E846F583B6}.Release|x64.ActiveCfg = Release|x64
		{AEF4802D-5BF6-43B8-84DA-58E846F583B6}.Release|x64.Build.0 = Release|x64
		{AEF4802D-5BF6-43B8-84DA-58E846F583B6}.Release|x86.ActiveCfg = Release|Win32
		{AEF4802D-5BF6-43B8-84DA-58E846F583B6}.Release|x86.Build.0 = Release|Win32
		{589E2786-1A88-49FA-8686-CF8805AB2B23}.Debug|x64.ActiveCfg = Debug|x64
		{589E2786-1A88-49FA-8686-CF8805AB2B23}.Debug|x64.Build.0 = Debug|x64
		{589E2786-1A88-49FA-8686-CF8805AB2B23}.Debug|x86.ActiveCfg = Debug|Win32
		{589E2786-1A88-49FA-8686-CF8805AB2B23}.Debug|x86.Build.0 = Debug|Win32
		{589E2786-1A88-49FA-8686-CF8805AB2B23}.Release|x64.ActiveCfg = Release|x64
		{589E2786-1A88-49FA-8686-CF8805AB2B23}.Release|x64.Build.0 = Release|x64
		{589E2786-1A88-49FA-8686-CF8805AB2B23}.Release|x86.ActiveCfg = Release|Win32
		{589E2786-1A88-49FA-8686-CF8805AB2B23}.Release|x86.Build.0 = Release|Win32
		{8DE47E13-1203-474A-9F7C-4181B2FBE1BD}.Debug|x64.ActiveCfg = Debug|x64
		{8DE47E13-1203-474A-9F7C-4181B2FBE1BD}.Debug|x64.Build.0 = Debug|x64
		{8DE47E13-1203-474A-9F7C-4181B2FBE1BD}.Debug|x86.ActiveCfg = Debug|Win32
		{8DE47E13-1203-474A-9F7C-4181B2FBE1BD}.Debug|x86.Build.0 = Debug|Win32
		{8DE47E13-1203-474A-9F7C-4181B2FBE1BD}.Release|x64.ActiveCfg = Release|x64
		{8DE47E13-1203-474A-9F7C-4181B2FBE1BD}.Release|x64.Build.0 = Release|x64
		{8DE47E13-1203-474A-9F7C-4181B2FBE1BD}.Release|x86.ActiveCfg = Release|Win32
		{8DE47E13-1203-474A-9F7C-4181B2FBE1BD}.Release|x86.Build.0 = Release|Win32
		{E9067350-6E55-47FB-AE5A-A20CA871F01E}.Debug|x64.ActiveCfg = Debug|x64
		{E9067350-6E55-47FB-AE5A-A20CA871F01E}.Debug|x64.Build.0 = Debug|x64
		{E9067350-6E55-47FB-AE5A-A20CA871F01E}.Debug|x86.ActiveCfg = Debug|Win32
		{E9067350-6E55-47FB-AE5A-A20CA871F01E}.Debug|x86.Build.0 = Debug|Win32
		{E9067350-6E55-47FB-AE5A-A20CA871F01E}.Release|x64.ActiveCfg = Release|x64
		{E9067350-6E55-47FB-AE5A-A20CA871F01E}.Release|x64.Build.0 = Release|x64
		{E9067350-6E55-47FB-AE5A-A20CA871F01E}.Release|x86.ActiveCfg = Release|Win32
		{E9067350-6E55-47FB-AE5A-A20CA871F01E}.Release|x86.Build.0 = Release|Win32
		{A65C5BB4-CB78-4FD4-9635-249AC1D06F2B}.Debug|x64.ActiveCfg = Debug|x64
		{A65C5BB4-CB78-4FD4-9635-249AC1D06F2B}.Debug|x64.Build.0 = Debug|x64
		{A65C5BB4-CB78-4FD4-9635-249AC1D06F2B}.Debug|x86.ActiveCfg = Debug|Win32
		{A65C5BB4-CB78-4FD4-9635-249AC1D06F2B}.Debug|x86.Build.0 = Debug|Win32
		{A65C5BB4-CB78-4FD4-9635-249AC1D06F2B}.Release|x64.ActiveCfg = Release|x64
		{A65C5BB4-CB78-4FD4-9635-249AC1D06F2B}.Release|x64.Build.0 = Release|x64
		{A65C5BB4-CB78-4FD4-9635-249AC1D06F2B}.Release|x86.ActiveCfg = Release|Win32
		{A65C5BB4-CB78-4FD4-9635-249AC1D06F2B}.Release|x86.Build.0 = Release|Win32
		{F6FAF165-306A-4127-97DB-34E8FE53253C}.Debug|x64.ActiveCfg = Debug|x64
		{F6FAF165-306A-4127-97DB-34E8FE53253C}.Debug|x64.Build.0 = Debug|x64
		{F6FAF165-306A-4127-97DB-34E8FE53253C}.Debug|x86.ActiveCfg = Debug|Win32
		{F6FAF165-306A-4127-97DB-34E8FE53253C}.Debug|x86.Build.0 = Debug|Win32
		{F6FAF165-306A-4127-97DB-34E8FE53253C}.Release|x64.ActiveCfg = Release|x64
		{F6FAF165-306A-4127-97DB-34E8FE53253C}.Release|x64.Build.0 = Release|x64
		{F6FAF165-306A-4127-97DB-34E8FE53253C}.Release|x86.ActiveCfg = Release|Win32
		{F6FAF165-306A-4127-97DB-34E8FE53253C}.Release|x86.Build.0 = Release|Win32
		{787C0DD0-8E75-4C48-B080-D067CD46829E}.Debug|x64.ActiveCfg = Debug|x64
		{787C0DD0-8E75-4C48-B080-D067CD46829E}.Debug|x64.Build.0 = Debug|x64
		{787C0DD0-8E75-4C48-B080-D067CD46829E}.Debug|x86.ActiveCfg = Debug|Win32
		{787C0DD0-8E75-4C48-B080-D067CD46829E}.Debug|x86.Build.0 = Debug|Win32
		{787C0DD0-8E75-4C48-B080-D067CD46829E}.Release|x64.ActiveCfg = Release|x64
		{787C0DD0-8E75-4C48-B080-D067CD46829E}.Release|x64.Build.0 = Release|x64
		{787C0DD0-8E75-4C48-B080-D067CD46829E}.Release|x86.ActiveCfg = Release|Win32
		{787C0DD0-8E75-4C48-B080-D067CD46829E}.Release|x86.Build.0 = Release|Win32
		{5EC0F14E-33F9-4100-AE3D-85C653AC4331}.Debug|x64.ActiveCfg = Debug|x64
		{5EC0F14E-33F9-4100-AE3D-85C653AC4331}.Debug|x64.Build.0 = Debug|x64
		{5EC0F14E-33F9-4100-AE3D-85C653AC4331}.Debug|x86.ActiveCfg = Debug|Win32
		{5EC0F14E-33F9-4100-AE3D-85C653AC4331}.Debug|x86.Build.0 = Debug|Win32
		{5EC0F14E-33F9-4100-AE3D-85C653AC4331}.Release|x64.ActiveCfg = Release|x64
		{5EC0F14E-33F9-4100-AE3D-85C653AC4331}.Release|x64.Build.0 = Release|x64
		{5EC0F14E-33F9-4100-AE3D-85C653AC4331}.Release|x86.ActiveCfg = Release|Win32
		{5EC0F14E-33F9-4100-AE3D-85C653AC4331}.Release|x86.Build.0 = Release|Win32
		{D4DC9A41-C1E1-433B-8017-1B1C0CAC68D6}.Debug|x64.ActiveCfg = Debug|x64
		{D4DC9A41-C1E1-433B-8017-1B1C0CAC68D6}.Debug|x64.Build.0 = Debug|x64
		{D4DC9A41-C1E1-433B-8017-1B1C0CAC68D6}.Debug|x86.ActiveCfg = Debug|Win32
		{D4DC9A41-C1E1-433B-8017-1B1C0CAC68D6}.Debug|x86.Build.0 = Debug|Win32
		{D4DC9A41-C1E1-433B-8017-1B1C0CAC68D6}.Release|x64.ActiveCfg = Release|x64
		{D4DC9A41-C1E1-433B-8017-1B1C0CAC68D6}.Release|x64.Build.0 = Release|x64
		{D4DC9A41-C1E1-433B-8017-1B1C0CAC68D6}.Release|x86.ActiveCfg = Release|Win32
		{D4DC9A41-C1E1-433B-8017-1B1C0CAC68D6}.Release|x86.Build.0 = Release|Win32
		{A086B4BB-D5F7-4CF1-ABF1-31C745979E77}.Debug|x64.ActiveCfg = Debug|x64
		{A086B4BB-D5F7-4CF1-ABF1-31C745979E77}.Debug|x64.Build.0 = Debug|x64
		{A086B4BB-D5F7-4CF1-ABF1-31C745979E77}.Debug|x86.ActiveCfg = Debug|Win32
		{A086B4BB-D5F7-4CF1-ABF1-31C745979E77}.Debug|x86.Build.0 = Debug|Win32
		{A086B4BB-D5F7-4CF1-ABF1-31C745979E77}.Release|x64.ActiveCfg = Release|x64
		{A086B4BB-D5F7-4CF1-ABF1-31C745979E77}.Release|x64.Build.0 = Release|x64
		{A086B4BB-D5F7-4CF1-ABF1-31C745979E77}.Release|x86.ActiveCfg = Release|Win32
		{A086B4BB-D5F7-4CF1-ABF1-31C745979E77}.Release|x86.Build.0 = Release|Win32
		{F2D0C98D-8ACB-4B9F-BE09-6D57BDDADE68}.Debug|x64.ActiveCfg = Debug|x64
		{F2D0C98D-8ACB-4B9F-BE09-6D57BDDADE68}.Debug|x64.Build.0 = Debug|x64
		{F2D0C98D-8ACB-4B9F-BE09-6D57BDDADE68}.Debug|x86.ActiveCfg = Debug|Win32
		{F2D0C98D-8ACB-4B9F-BE09-6D57BDDADE68}.Debug|x86.Build.0 = Debug|Win32
		{F2D0C98D-8ACB-4B9F-BE09-6D57BDDADE68}.Release|x64.ActiveCfg = Release|x64
		{F2D0C98D-8ACB-4B9F-BE09-6D57BDDADE68}.Release|x64.Build.0 = Release|x64
		{F2D0C98D-8ACB-4B9F-BE09-6D57BDDADE68}.Release|x86.ActiveCfg = Release|Win32
		{F2D0C98D-8ACB-4B9F-BE09-6D57BDDADE68}.Release|x86.Build.0 = Release|Win32
		{B8FC44C4-0A06-4815-8CE7-BBF367655F62}.Debug|x64.ActiveCfg = Debug|x64
		{B8FC44C4-0A06-4815-8CE7-BBF367655F62}.Debug|x64.Build.0 = Debug|x64
		{B8FC44C4-0A06-4815-8CE7-BBF367655F62}.Debug|x86.ActiveCfg = Debug|Win32
		{B8FC44C4-0A06-4815-8CE7-BBF367655F62}.Debug|x86.Build.0 = Debug|Win32
		{B8FC44C4-0A06-4815-8CE7-BBF367655F62}.Release|x64.ActiveCfg = Release|x64
		{B8FC44C4-0A06-4815-8CE7-BBF367655F62}.Release|x64.Build.0 = Release|x64
		{B8FC44C4-0A06-4815-8CE7-BBF367655F62}.Release|x86.ActiveCfg = Release|Win32
		{B8FC44C4-0A06-4815-8CE7-BBF367655F62}.Release|x86.Build.0 = Release|Win32
	EndGlobalSection
	GlobalSection(SolutionProperties) = preSolution
		HideSolutionNode = FALSE
	EndGlobalSection
	GlobalSection(ExtensibilityGlobals) = postSolution
		SolutionGuid = {A7BC4C6B-A359-4312-969F-A373D4D7E733}
	EndGlobalSection
EndGlobal
