
Microsoft Visual Studio Solution File, Format Version 12.00
# Visual Studio Version 16
VisualStudioVersion = 16.0.30907.101
MinimumVisualStudioVersion = 10.0.40219.1
Project("{8BC9CEB8-8B4A-11D0-8D11-00A0C91BC942}") = "8_1", "8_1\8_1.vcxproj", "{CD889D2C-8CA5-4BB1-9364-3501F8157A2B}"
EndProject
Project("{8BC9CEB8-8B4A-11D0-8D11-00A0C91BC942}") = "8_2", "8_2\8_2.vcxproj", "{6BE7FD93-2E2B-495D-AB7D-690E6C19966D}"
EndProject
Project("{8BC9CEB8-8B4A-11D0-8D11-00A0C91BC942}") = "8_3", "8_3\8_3.vcxproj", "{F8DDB4E8-0C4E-41B0-A5F8-453109308865}"
EndProject
Project("{8BC9CEB8-8B4A-11D0-8D11-00A0C91BC942}") = "8_4", "8_4\8_4.vcxproj", "{54140EBE-2204-4E02-B207-EB3FEB7AD815}"
EndProject
Project("{8BC9CEB8-8B4A-11D0-8D11-00A0C91BC942}") = "8_5", "8_5\8_5.vcxproj", "{48FEB7CA-78A3-401F-ACDB-245C16672016}"
EndProject
Project("{8BC9CEB8-8B4A-11D0-8D11-00A0C91BC942}") = "8_6", "8_6\8_6.vcxproj", "{1FD5E99E-ECDE-4940-BC3B-5BA89E582D3C}"
EndProject
Project("{8BC9CEB8-8B4A-11D0-8D11-00A0C91BC942}") = "8_7", "8_7\8_7.vcxproj", "{A2653B8F-838E-4CCD-9063-683BC951893B}"
EndProject
Project("{8BC9CEB8-8B4A-11D0-8D11-00A0C91BC942}") = "8_9", "8_9\8_9.vcxproj", "{ABA04BBB-D1EA-404D-BBA6-E6200469072E}"
EndProject
Project("{8BC9CEB8-8B4A-11D0-8D11-00A0C91BC942}") = "8_10", "8_10\8_10.vcxproj", "{23112CD5-154A-4400-B12B-31D837C068BA}"
EndProject
Project("{8BC9CEB8-8B4A-11D0-8D11-00A0C91BC942}") = "8_8", "8_8\8_8.vcxproj", "{B9F310E3-EA2B-409F-B8C0-A605A4DF4604}"
EndProject
Project("{8BC9CEB8-8B4A-11D0-8D11-00A0C91BC942}") = "8_11", "8_11\8_11.vcxproj", "{A6D78D43-C17A-4002-80C0-668E1F8E071B}"
EndProject
Project("{8BC9CEB8-8B4A-11D0-8D11-00A0C91BC942}") = "8_5_2", "8_5_2\8_5_2.vcxproj", "{783BA1EE-0341-4349-B8E5-3740E1D84F3B}"
EndProject
Global
	GlobalSection(SolutionConfigurationPlatforms) = preSolution
		Debug|Win32 = Debug|Win32
		Debug|x64 = Debug|x64
		Release|Win32 = Release|Win32
		Release|x64 = Release|x64
	EndGlobalSection
	GlobalSection(ProjectConfigurationPlatforms) = postSolution
		{CD889D2C-8CA5-4BB1-9364-3501F8157A2B}.Debug|Win32.ActiveCfg = Debug|Win32
		{CD889D2C-8CA5-4BB1-9364-3501F8157A2B}.Debug|Win32.Build.0 = Debug|Win32
		{CD889D2C-8CA5-4BB1-9364-3501F8157A2B}.Debug|x64.ActiveCfg = Debug|x64
		{CD889D2C-8CA5-4BB1-9364-3501F8157A2B}.Debug|x64.Build.0 = Debug|x64
		{CD889D2C-8CA5-4BB1-9364-3501F8157A2B}.Release|Win32.ActiveCfg = Release|Win32
		{CD889D2C-8CA5-4BB1-9364-3501F8157A2B}.Release|Win32.Build.0 = Release|Win32
		{CD889D2C-8CA5-4BB1-9364-3501F8157A2B}.Release|x64.ActiveCfg = Release|Win32
		{6BE7FD93-2E2B-495D-AB7D-690E6C19966D}.Debug|Win32.ActiveCfg = Debug|Win32
		{6BE7FD93-2E2B-495D-AB7D-690E6C19966D}.Debug|Win32.Build.0 = Debug|Win32
		{6BE7FD93-2E2B-495D-AB7D-690E6C19966D}.Debug|x64.ActiveCfg = Debug|x64
		{6BE7FD93-2E2B-495D-AB7D-690E6C19966D}.Debug|x64.Build.0 = Debug|x64
		{6BE7FD93-2E2B-495D-AB7D-690E6C19966D}.Release|Win32.ActiveCfg = Release|Win32
		{6BE7FD93-2E2B-495D-AB7D-690E6C19966D}.Release|Win32.Build.0 = Release|Win32
		{6BE7FD93-2E2B-495D-AB7D-690E6C19966D}.Release|x64.ActiveCfg = Release|Win32
		{F8DDB4E8-0C4E-41B0-A5F8-453109308865}.Debug|Win32.ActiveCfg = Debug|Win32
		{F8DDB4E8-0C4E-41B0-A5F8-453109308865}.Debug|Win32.Build.0 = Debug|Win32
		{F8DDB4E8-0C4E-41B0-A5F8-453109308865}.Debug|x64.ActiveCfg = Debug|x64
		{F8DDB4E8-0C4E-41B0-A5F8-453109308865}.Debug|x64.Build.0 = Debug|x64
		{F8DDB4E8-0C4E-41B0-A5F8-453109308865}.Release|Win32.ActiveCfg = Release|Win32
		{F8DDB4E8-0C4E-41B0-A5F8-453109308865}.Release|Win32.Build.0 = Release|Win32
		{F8DDB4E8-0C4E-41B0-A5F8-453109308865}.Release|x64.ActiveCfg = Release|Win32
		{54140EBE-2204-4E02-B207-EB3FEB7AD815}.Debug|Win32.ActiveCfg = Debug|Win32
		{54140EBE-2204-4E02-B207-EB3FEB7AD815}.Debug|Win32.Build.0 = Debug|Win32
		{54140EBE-2204-4E02-B207-EB3FEB7AD815}.Debug|x64.ActiveCfg = Debug|x64
		{54140EBE-2204-4E02-B207-EB3FEB7AD815}.Debug|x64.Build.0 = Debug|x64
		{54140EBE-2204-4E02-B207-EB3FEB7AD815}.Release|Win32.ActiveCfg = Release|Win32
		{54140EBE-2204-4E02-B207-EB3FEB7AD815}.Release|Win32.Build.0 = Release|Win32
		{54140EBE-2204-4E02-B207-EB3FEB7AD815}.Release|x64.ActiveCfg = Release|Win32
		{48FEB7CA-78A3-401F-ACDB-245C16672016}.Debug|Win32.ActiveCfg = Debug|Win32
		{48FEB7CA-78A3-401F-ACDB-245C16672016}.Debug|Win32.Build.0 = Debug|Win32
		{48FEB7CA-78A3-401F-ACDB-245C16672016}.Debug|x64.ActiveCfg = Debug|x64
		{48FEB7CA-78A3-401F-ACDB-245C16672016}.Debug|x64.Build.0 = Debug|x64
		{48FEB7CA-78A3-401F-ACDB-245C16672016}.Release|Win32.ActiveCfg = Release|Win32
		{48FEB7CA-78A3-401F-ACDB-245C16672016}.Release|Win32.Build.0 = Release|Win32
		{48FEB7CA-78A3-401F-ACDB-245C16672016}.Release|x64.ActiveCfg = Release|Win32
		{1FD5E99E-ECDE-4940-BC3B-5BA89E582D3C}.Debug|Win32.ActiveCfg = Debug|Win32
		{1FD5E99E-ECDE-4940-BC3B-5BA89E582D3C}.Debug|Win32.Build.0 = Debug|Win32
		{1FD5E99E-ECDE-4940-BC3B-5BA89E582D3C}.Debug|x64.ActiveCfg = Debug|x64
		{1FD5E99E-ECDE-4940-BC3B-5BA89E582D3C}.Debug|x64.Build.0 = Debug|x64
		{1FD5E99E-ECDE-4940-BC3B-5BA89E582D3C}.Release|Win32.ActiveCfg = Release|Win32
		{1FD5E99E-ECDE-4940-BC3B-5BA89E582D3C}.Release|Win32.Build.0 = Release|Win32
		{1FD5E99E-ECDE-4940-BC3B-5BA89E582D3C}.Release|x64.ActiveCfg = Release|Win32
		{A2653B8F-838E-4CCD-9063-683BC951893B}.Debug|Win32.ActiveCfg = Debug|Win32
		{A2653B8F-838E-4CCD-9063-683BC951893B}.Debug|Win32.Build.0 = Debug|Win32
		{A2653B8F-838E-4CCD-9063-683BC951893B}.Debug|x64.ActiveCfg = Debug|x64
		{A2653B8F-838E-4CCD-9063-683BC951893B}.Debug|x64.Build.0 = Debug|x64
		{A2653B8F-838E-4CCD-9063-683BC951893B}.Release|Win32.ActiveCfg = Release|Win32
		{A2653B8F-838E-4CCD-9063-683BC951893B}.Release|Win32.Build.0 = Release|Win32
		{A2653B8F-838E-4CCD-9063-683BC951893B}.Release|x64.ActiveCfg = Release|Win32
		{ABA04BBB-D1EA-404D-BBA6-E6200469072E}.Debug|Win32.ActiveCfg = Debug|Win32
		{ABA04BBB-D1EA-404D-BBA6-E6200469072E}.Debug|Win32.Build.0 = Debug|Win32
		{ABA04BBB-D1EA-404D-BBA6-E6200469072E}.Debug|x64.ActiveCfg = Debug|x64
		{ABA04BBB-D1EA-404D-BBA6-E6200469072E}.Debug|x64.Build.0 = Debug|x64
		{ABA04BBB-D1EA-404D-BBA6-E6200469072E}.Release|Win32.ActiveCfg = Release|Win32
		{ABA04BBB-D1EA-404D-BBA6-E6200469072E}.Release|Win32.Build.0 = Release|Win32
		{ABA04BBB-D1EA-404D-BBA6-E6200469072E}.Release|x64.ActiveCfg = Release|Win32
		{23112CD5-154A-4400-B12B-31D837C068BA}.Debug|Win32.ActiveCfg = Debug|Win32
		{23112CD5-154A-4400-B12B-31D837C068BA}.Debug|Win32.Build.0 = Debug|Win32
		{23112CD5-154A-4400-B12B-31D837C068BA}.Debug|x64.ActiveCfg = Debug|x64
		{23112CD5-154A-4400-B12B-31D837C068BA}.Debug|x64.Build.0 = Debug|x64
		{23112CD5-154A-4400-B12B-31D837C068BA}.Release|Win32.ActiveCfg = Release|Win32
		{23112CD5-154A-4400-B12B-31D837C068BA}.Release|Win32.Build.0 = Release|Win32
		{23112CD5-154A-4400-B12B-31D837C068BA}.Release|x64.ActiveCfg = Release|Win32
		{B9F310E3-EA2B-409F-B8C0-A605A4DF4604}.Debug|Win32.ActiveCfg = Debug|Win32
		{B9F310E3-EA2B-409F-B8C0-A605A4DF4604}.Debug|Win32.Build.0 = Debug|Win32
		{B9F310E3-EA2B-409F-B8C0-A605A4DF4604}.Debug|x64.ActiveCfg = Debug|x64
		{B9F310E3-EA2B-409F-B8C0-A605A4DF4604}.Debug|x64.Build.0 = Debug|x64
		{B9F310E3-EA2B-409F-B8C0-A605A4DF4604}.Release|Win32.ActiveCfg = Release|Win32
		{B9F310E3-EA2B-409F-B8C0-A605A4DF4604}.Release|Win32.Build.0 = Release|Win32
		{B9F310E3-EA2B-409F-B8C0-A605A4DF4604}.Release|x64.ActiveCfg = Release|Win32
		{A6D78D43-C17A-4002-80C0-668E1F8E071B}.Debug|Win32.ActiveCfg = Debug|Win32
		{A6D78D43-C17A-4002-80C0-668E1F8E071B}.Debug|Win32.Build.0 = Debug|Win32
		{A6D78D43-C17A-4002-80C0-668E1F8E071B}.Debug|x64.ActiveCfg = Debug|x64
		{A6D78D43-C17A-4002-80C0-668E1F8E071B}.Debug|x64.Build.0 = Debug|x64
		{A6D78D43-C17A-4002-80C0-668E1F8E071B}.Release|Win32.ActiveCfg = Release|Win32
		{A6D78D43-C17A-4002-80C0-668E1F8E071B}.Release|Win32.Build.0 = Release|Win32
		{A6D78D43-C17A-4002-80C0-668E1F8E071B}.Release|x64.ActiveCfg = Release|x64
		{A6D78D43-C17A-4002-80C0-668E1F8E071B}.Release|x64.Build.0 = Release|x64
		{783BA1EE-0341-4349-B8E5-3740E1D84F3B}.Debug|Win32.ActiveCfg = Debug|Win32
		{783BA1EE-0341-4349-B8E5-3740E1D84F3B}.Debug|Win32.Build.0 = Debug|Win32
		{783BA1EE-0341-4349-B8E5-3740E1D84F3B}.Debug|x64.ActiveCfg = Debug|x64
		{783BA1EE-0341-4349-B8E5-3740E1D84F3B}.Debug|x64.Build.0 = Debug|x64
		{783BA1EE-0341-4349-B8E5-3740E1D84F3B}.Release|Win32.ActiveCfg = Release|Win32
		{783BA1EE-0341-4349-B8E5-3740E1D84F3B}.Release|Win32.Build.0 = Release|Win32
		{783BA1EE-0341-4349-B8E5-3740E1D84F3B}.Release|x64.ActiveCfg = Release|x64
		{783BA1EE-0341-4349-B8E5-3740E1D84F3B}.Release|x64.Build.0 = Release|x64
	EndGlobalSection
	GlobalSection(SolutionProperties) = preSolution
		HideSolutionNode = FALSE
	EndGlobalSection
	GlobalSection(ExtensibilityGlobals) = postSolution
		SolutionGuid = {C8A8BEEE-84C5-4621-A0D7-A5EBC500C98A}
	EndGlobalSection
EndGlobal
