
Microsoft Visual Studio Solution File, Format Version 12.00
# Visual Studio Version 16
VisualStudioVersion = 16.0.30907.101
MinimumVisualStudioVersion = 10.0.40219.1
Project("{8BC9CEB8-8B4A-11D0-8D11-00A0C91BC942}") = "2_1", "2_1\2_1.vcxproj", "{704D4DA8-E94C-49F9-BA85-EFEFB587330C}"
EndProject
Project("{8BC9CEB8-8B4A-11D0-8D11-00A0C91BC942}") = "2_2", "2_2\2_2.vcxproj", "{4A5B659E-E903-4B1E-9015-8A8DF8B806C3}"
EndProject
Project("{8BC9CEB8-8B4A-11D0-8D11-00A0C91BC942}") = "2_3", "2_3\2_3.vcxproj", "{DF4634E5-75B3-4DDA-9617-97D6F506666F}"
EndProject
Project("{8BC9CEB8-8B4A-11D0-8D11-00A0C91BC942}") = "2_4", "2_4\2_4.vcxproj", "{7BFFF510-650F-40B2-B1D5-381187B48CA6}"
EndProject
Project("{8BC9CEB8-8B4A-11D0-8D11-00A0C91BC942}") = "2_5", "2_5\2_5.vcxproj", "{C5D4DF80-DADF-4553-9565-92C8BCE62F6C}"
EndProject
Project("{8BC9CEB8-8B4A-11D0-8D11-00A0C91BC942}") = "2_6", "2_6\2_6.vcxproj", "{90CA320F-5CDC-43D5-A52D-810D51DA0E5F}"
EndProject
Project("{8BC9CEB8-8B4A-11D0-8D11-00A0C91BC942}") = "2_7", "2_7\2_7.vcxproj", "{0ACE9E40-BB18-4AFD-915B-FBB1DD799C3F}"
EndProject
Project("{8BC9CEB8-8B4A-11D0-8D11-00A0C91BC942}") = "2_8", "2_8\2_8.vcxproj", "{629284CB-B33D-4214-8748-A5EF85115CB3}"
EndProject
Project("{8BC9CEB8-8B4A-11D0-8D11-00A0C91BC942}") = "2_9", "2_9\2_9.vcxproj", "{04E62AB1-8412-4CDC-9A84-C4531072B6E7}"
EndProject
Project("{8BC9CEB8-8B4A-11D0-8D11-00A0C91BC942}") = "2_10", "2_10\2_10.vcxproj", "{5A1AF3D5-4169-4E82-A922-4F693DB86E1C}"
EndProject
Project("{8BC9CEB8-8B4A-11D0-8D11-00A0C91BC942}") = "2_11", "2_11\2_11.vcxproj", "{83BEB93F-B506-4C49-AE88-09B35BFF9CFE}"
EndProject
Global
	GlobalSection(SolutionConfigurationPlatforms) = preSolution
		Debug|Win32 = Debug|Win32
		Debug|x64 = Debug|x64
		Release|Win32 = Release|Win32
		Release|x64 = Release|x64
	EndGlobalSection
	GlobalSection(ProjectConfigurationPlatforms) = postSolution
		{704D4DA8-E94C-49F9-BA85-EFEFB587330C}.Debug|Win32.ActiveCfg = Debug|Win32
		{704D4DA8-E94C-49F9-BA85-EFEFB587330C}.Debug|Win32.Build.0 = Debug|Win32
		{704D4DA8-E94C-49F9-BA85-EFEFB587330C}.Debug|x64.ActiveCfg = Debug|x64
		{704D4DA8-E94C-49F9-BA85-EFEFB587330C}.Debug|x64.Build.0 = Debug|x64
		{704D4DA8-E94C-49F9-BA85-EFEFB587330C}.Release|Win32.ActiveCfg = Release|Win32
		{704D4DA8-E94C-49F9-BA85-EFEFB587330C}.Release|Win32.Build.0 = Release|Win32
		{704D4DA8-E94C-49F9-BA85-EFEFB587330C}.Release|x64.ActiveCfg = Release|Win32
		{4A5B659E-E903-4B1E-9015-8A8DF8B806C3}.Debug|Win32.ActiveCfg = Debug|Win32
		{4A5B659E-E903-4B1E-9015-8A8DF8B806C3}.Debug|Win32.Build.0 = Debug|Win32
		{4A5B659E-E903-4B1E-9015-8A8DF8B806C3}.Debug|x64.ActiveCfg = Debug|x64
		{4A5B659E-E903-4B1E-9015-8A8DF8B806C3}.Debug|x64.Build.0 = Debug|x64
		{4A5B659E-E903-4B1E-9015-8A8DF8B806C3}.Release|Win32.ActiveCfg = Release|Win32
		{4A5B659E-E903-4B1E-9015-8A8DF8B806C3}.Release|Win32.Build.0 = Release|Win32
		{4A5B659E-E903-4B1E-9015-8A8DF8B806C3}.Release|x64.ActiveCfg = Release|Win32
		{DF4634E5-75B3-4DDA-9617-97D6F506666F}.Debug|Win32.ActiveCfg = Debug|Win32
		{DF4634E5-75B3-4DDA-9617-97D6F506666F}.Debug|Win32.Build.0 = Debug|Win32
		{DF4634E5-75B3-4DDA-9617-97D6F506666F}.Debug|x64.ActiveCfg = Debug|x64
		{DF4634E5-75B3-4DDA-9617-97D6F506666F}.Debug|x64.Build.0 = Debug|x64
		{DF4634E5-75B3-4DDA-9617-97D6F506666F}.Release|Win32.ActiveCfg = Release|Win32
		{DF4634E5-75B3-4DDA-9617-97D6F506666F}.Release|Win32.Build.0 = Release|Win32
		{DF4634E5-75B3-4DDA-9617-97D6F506666F}.Release|x64.ActiveCfg = Release|Win32
		{7BFFF510-650F-40B2-B1D5-381187B48CA6}.Debug|Win32.ActiveCfg = Debug|Win32
		{7BFFF510-650F-40B2-B1D5-381187B48CA6}.Debug|Win32.Build.0 = Debug|Win32
		{7BFFF510-650F-40B2-B1D5-381187B48CA6}.Debug|x64.ActiveCfg = Debug|x64
		{7BFFF510-650F-40B2-B1D5-381187B48CA6}.Debug|x64.Build.0 = Debug|x64
		{7BFFF510-650F-40B2-B1D5-381187B48CA6}.Release|Win32.ActiveCfg = Release|Win32
		{7BFFF510-650F-40B2-B1D5-381187B48CA6}.Release|Win32.Build.0 = Release|Win32
		{7BFFF510-650F-40B2-B1D5-381187B48CA6}.Release|x64.ActiveCfg = Release|Win32
		{C5D4DF80-DADF-4553-9565-92C8BCE62F6C}.Debug|Win32.ActiveCfg = Debug|Win32
		{C5D4DF80-DADF-4553-9565-92C8BCE62F6C}.Debug|Win32.Build.0 = Debug|Win32
		{C5D4DF80-DADF-4553-9565-92C8BCE62F6C}.Debug|x64.ActiveCfg = Debug|x64
		{C5D4DF80-DADF-4553-9565-92C8BCE62F6C}.Debug|x64.Build.0 = Debug|x64
		{C5D4DF80-DADF-4553-9565-92C8BCE62F6C}.Release|Win32.ActiveCfg = Release|Win32
		{C5D4DF80-DADF-4553-9565-92C8BCE62F6C}.Release|Win32.Build.0 = Release|Win32
		{C5D4DF80-DADF-4553-9565-92C8BCE62F6C}.Release|x64.ActiveCfg = Release|Win32
		{90CA320F-5CDC-43D5-A52D-810D51DA0E5F}.Debug|Win32.ActiveCfg = Debug|Win32
		{90CA320F-5CDC-43D5-A52D-810D51DA0E5F}.Debug|Win32.Build.0 = Debug|Win32
		{90CA320F-5CDC-43D5-A52D-810D51DA0E5F}.Debug|x64.ActiveCfg = Debug|x64
		{90CA320F-5CDC-43D5-A52D-810D51DA0E5F}.Debug|x64.Build.0 = Debug|x64
		{90CA320F-5CDC-43D5-A52D-810D51DA0E5F}.Release|Win32.ActiveCfg = Release|Win32
		{90CA320F-5CDC-43D5-A52D-810D51DA0E5F}.Release|Win32.Build.0 = Release|Win32
		{90CA320F-5CDC-43D5-A52D-810D51DA0E5F}.Release|x64.ActiveCfg = Release|Win32
		{0ACE9E40-BB18-4AFD-915B-FBB1DD799C3F}.Debug|Win32.ActiveCfg = Debug|Win32
		{0ACE9E40-BB18-4AFD-915B-FBB1DD799C3F}.Debug|Win32.Build.0 = Debug|Win32
		{0ACE9E40-BB18-4AFD-915B-FBB1DD799C3F}.Debug|x64.ActiveCfg = Debug|x64
		{0ACE9E40-BB18-4AFD-915B-FBB1DD799C3F}.Debug|x64.Build.0 = Debug|x64
		{0ACE9E40-BB18-4AFD-915B-FBB1DD799C3F}.Release|Win32.ActiveCfg = Release|Win32
		{0ACE9E40-BB18-4AFD-915B-FBB1DD799C3F}.Release|Win32.Build.0 = Release|Win32
		{0ACE9E40-BB18-4AFD-915B-FBB1DD799C3F}.Release|x64.ActiveCfg = Release|Win32
		{629284CB-B33D-4214-8748-A5EF85115CB3}.Debug|Win32.ActiveCfg = Debug|Win32
		{629284CB-B33D-4214-8748-A5EF85115CB3}.Debug|Win32.Build.0 = Debug|Win32
		{629284CB-B33D-4214-8748-A5EF85115CB3}.Debug|x64.ActiveCfg = Debug|x64
		{629284CB-B33D-4214-8748-A5EF85115CB3}.Debug|x64.Build.0 = Debug|x64
		{629284CB-B33D-4214-8748-A5EF85115CB3}.Release|Win32.ActiveCfg = Release|Win32
		{629284CB-B33D-4214-8748-A5EF85115CB3}.Release|Win32.Build.0 = Release|Win32
		{629284CB-B33D-4214-8748-A5EF85115CB3}.Release|x64.ActiveCfg = Release|Win32
		{04E62AB1-8412-4CDC-9A84-C4531072B6E7}.Debug|Win32.ActiveCfg = Debug|Win32
		{04E62AB1-8412-4CDC-9A84-C4531072B6E7}.Debug|Win32.Build.0 = Debug|Win32
		{04E62AB1-8412-4CDC-9A84-C4531072B6E7}.Debug|x64.ActiveCfg = Debug|x64
		{04E62AB1-8412-4CDC-9A84-C4531072B6E7}.Debug|x64.Build.0 = Debug|x64
		{04E62AB1-8412-4CDC-9A84-C4531072B6E7}.Release|Win32.ActiveCfg = Release|Win32
		{04E62AB1-8412-4CDC-9A84-C4531072B6E7}.Release|Win32.Build.0 = Release|Win32
		{04E62AB1-8412-4CDC-9A84-C4531072B6E7}.Release|x64.ActiveCfg = Release|Win32
		{5A1AF3D5-4169-4E82-A922-4F693DB86E1C}.Debug|Win32.ActiveCfg = Debug|Win32
		{5A1AF3D5-4169-4E82-A922-4F693DB86E1C}.Debug|Win32.Build.0 = Debug|Win32
		{5A1AF3D5-4169-4E82-A922-4F693DB86E1C}.Debug|x64.ActiveCfg = Debug|x64
		{5A1AF3D5-4169-4E82-A922-4F693DB86E1C}.Debug|x64.Build.0 = Debug|x64
		{5A1AF3D5-4169-4E82-A922-4F693DB86E1C}.Release|Win32.ActiveCfg = Release|Win32
		{5A1AF3D5-4169-4E82-A922-4F693DB86E1C}.Release|Win32.Build.0 = Release|Win32
		{5A1AF3D5-4169-4E82-A922-4F693DB86E1C}.Release|x64.ActiveCfg = Release|Win32
		{83BEB93F-B506-4C49-AE88-09B35BFF9CFE}.Debug|Win32.ActiveCfg = Debug|Win32
		{83BEB93F-B506-4C49-AE88-09B35BFF9CFE}.Debug|Win32.Build.0 = Debug|Win32
		{83BEB93F-B506-4C49-AE88-09B35BFF9CFE}.Debug|x64.ActiveCfg = Debug|x64
		{83BEB93F-B506-4C49-AE88-09B35BFF9CFE}.Debug|x64.Build.0 = Debug|x64
		{83BEB93F-B506-4C49-AE88-09B35BFF9CFE}.Release|Win32.ActiveCfg = Release|Win32
		{83BEB93F-B506-4C49-AE88-09B35BFF9CFE}.Release|Win32.Build.0 = Release|Win32
		{83BEB93F-B506-4C49-AE88-09B35BFF9CFE}.Release|x64.ActiveCfg = Release|Win32
	EndGlobalSection
	GlobalSection(SolutionProperties) = preSolution
		HideSolutionNode = FALSE
	EndGlobalSection
	GlobalSection(ExtensibilityGlobals) = postSolution
		SolutionGuid = {8EA624C8-6DA9-4829-9492-B57576E3E587}
	EndGlobalSection
EndGlobal
