{
  "name": "dzyKFC",
  "lockfileVersion": 2,
  "requires": true,
  "packages": {
    "": {
      "dependencies": {
        "vue": "^2.6.3"
      }
    },
    "node_modules/vue": {
      "version": "2.6.3",
      "resolved": "https://registry.npmjs.org/vue/-/vue-2.6.3.tgz",
      "integrity": "sha512-yftjtahz4UTAtOlXXuw7UaYD86fWrMDAAzqTdqJJx2FIBqcPmBN6kPBHiBJFGaQELVblb5ijbFMXsx0i0F7q3g=="
    }
  },
  "dependencies": {
    "vue": {
      "version": "2.6.3",
      "resolved": "https://registry.npmjs.org/vue/-/vue-2.6.3.tgz",
      "integrity": "sha512-yftjtahz4UTAtOlXXuw7UaYD86fWrMDAAzqTdqJJx2FIBqcPmBN6kPBHiBJFGaQELVblb5ijbFMXsx0i0F7q3g=="
    }
  }
}
