
Microsoft Visual Studio Solution File, Format Version 12.00
# Visual Studio Version 16
VisualStudioVersion = 16.0.30907.101
MinimumVisualStudioVersion = 10.0.40219.1
Project("{8BC9CEB8-8B4A-11D0-8D11-00A0C91BC942}") = "11_1", "11_1\11_1.vcxproj", "{030A5B9F-A71B-475A-B229-7582C6428B0A}"
EndProject
Project("{8BC9CEB8-8B4A-11D0-8D11-00A0C91BC942}") = "11_2", "11_2\11_2.vcxproj", "{01869C52-06E4-4A8F-B62A-06987D539D90}"
EndProject
Project("{8BC9CEB8-8B4A-11D0-8D11-00A0C91BC942}") = "11_3", "11_3\11_3.vcxproj", "{8DC7B614-5E6F-464E-ADC1-A7B5DC33E84D}"
EndProject
Project("{8BC9CEB8-8B4A-11D0-8D11-00A0C91BC942}") = "11_4", "11_4\11_4.vcxproj", "{EDE28E6F-1F9B-4C58-9D43-2293C1B2AFB7}"
EndProject
Project("{8BC9CEB8-8B4A-11D0-8D11-00A0C91BC942}") = "11_5", "11_5\11_5.vcxproj", "{9772DA59-5542-4931-919D-4537CC395C62}"
EndProject
Project("{8BC9CEB8-8B4A-11D0-8D11-00A0C91BC942}") = "11_6", "11_6\11_6.vcxproj", "{9B6475EA-F1CF-41E7-B4F0-BDF7521B1B62}"
EndProject
Project("{8BC9CEB8-8B4A-11D0-8D11-00A0C91BC942}") = "11_7", "11_7\11_7.vcxproj", "{FA826CA1-1913-46FE-8387-15364C4E968D}"
EndProject
Project("{8BC9CEB8-8B4A-11D0-8D11-00A0C91BC942}") = "11_8", "11_8\11_8.vcxproj", "{FBE5FDE3-D3FB-43AD-AC7E-136D6DA5C39B}"
EndProject
Project("{8BC9CEB8-8B4A-11D0-8D11-00A0C91BC942}") = "11_9", "11_9\11_9.vcxproj", "{342DCB4C-6DB7-4AB3-A3CB-39B6A71EFFD5}"
EndProject
Project("{8BC9CEB8-8B4A-11D0-8D11-00A0C91BC942}") = "11_10", "11_10\11_10.vcxproj", "{89CC16BF-F0F2-4615-98C2-A7E1397D5051}"
EndProject
Project("{8BC9CEB8-8B4A-11D0-8D11-00A0C91BC942}") = "11_11", "11_11\11_11.vcxproj", "{CD4A593D-5B17-4F5A-832E-D6D348180597}"
EndProject
Project("{8BC9CEB8-8B4A-11D0-8D11-00A0C91BC942}") = "11_12", "11_12\11_12.vcxproj", "{715563C5-16EB-4CDF-8179-CD69CA25CD8D}"
EndProject
Project("{8BC9CEB8-8B4A-11D0-8D11-00A0C91BC942}") = "11_14", "11_14\11_14.vcxproj", "{A925DDCD-AD8E-49B2-B26A-7181FC250CF2}"
EndProject
Project("{8BC9CEB8-8B4A-11D0-8D11-00A0C91BC942}") = "11_13", "11_13\10_13.vcxproj", "{B9F310E3-EA2B-409F-B8C0-A605A4DF4604}"
EndProject
Project("{8BC9CEB8-8B4A-11D0-8D11-00A0C91BC942}") = "11_1_a", "11_1_a\11_1_a.vcxproj", "{59966512-BDF6-453C-9461-A46FEC811BEA}"
EndProject
Project("{8BC9CEB8-8B4A-11D0-8D11-00A0C91BC942}") = "11_7_a", "11_7_a\11_7_a.vcxproj", "{5C10FF6C-EE91-437F-B50C-133841E9FCA4}"
EndProject
Project("{8BC9CEB8-8B4A-11D0-8D11-00A0C91BC942}") = "11_8_a", "11_8_a\11_8_a.vcxproj", "{709DFD75-D9F2-4176-B4FD-75E41C35BBD0}"
EndProject
Project("{8BC9CEB8-8B4A-11D0-8D11-00A0C91BC942}") = "11_2_a", "11_2_a\11_2_a.vcxproj", "{D052CFC3-C62E-4DD2-B7B2-067E5312850C}"
EndProject
Project("{8BC9CEB8-8B4A-11D0-8D11-00A0C91BC942}") = "11_3_a", "11_3_a\11_3_a.vcxproj", "{4F0D7017-E0DC-429D-9358-BE76B729D15C}"
EndProject
Global
	GlobalSection(SolutionConfigurationPlatforms) = preSolution
		Debug|Win32 = Debug|Win32
		Debug|x64 = Debug|x64
		Release|Win32 = Release|Win32
		Release|x64 = Release|x64
	EndGlobalSection
	GlobalSection(ProjectConfigurationPlatforms) = postSolution
		{030A5B9F-A71B-475A-B229-7582C6428B0A}.Debug|Win32.ActiveCfg = Debug|Win32
		{030A5B9F-A71B-475A-B229-7582C6428B0A}.Debug|Win32.Build.0 = Debug|Win32
		{030A5B9F-A71B-475A-B229-7582C6428B0A}.Debug|x64.ActiveCfg = Debug|x64
		{030A5B9F-A71B-475A-B229-7582C6428B0A}.Debug|x64.Build.0 = Debug|x64
		{030A5B9F-A71B-475A-B229-7582C6428B0A}.Release|Win32.ActiveCfg = Release|Win32
		{030A5B9F-A71B-475A-B229-7582C6428B0A}.Release|Win32.Build.0 = Release|Win32
		{030A5B9F-A71B-475A-B229-7582C6428B0A}.Release|x64.ActiveCfg = Release|x64
		{030A5B9F-A71B-475A-B229-7582C6428B0A}.Release|x64.Build.0 = Release|x64
		{01869C52-06E4-4A8F-B62A-06987D539D90}.Debug|Win32.ActiveCfg = Debug|Win32
		{01869C52-06E4-4A8F-B62A-06987D539D90}.Debug|Win32.Build.0 = Debug|Win32
		{01869C52-06E4-4A8F-B62A-06987D539D90}.Debug|x64.ActiveCfg = Debug|x64
		{01869C52-06E4-4A8F-B62A-06987D539D90}.Debug|x64.Build.0 = Debug|x64
		{01869C52-06E4-4A8F-B62A-06987D539D90}.Release|Win32.ActiveCfg = Release|Win32
		{01869C52-06E4-4A8F-B62A-06987D539D90}.Release|Win32.Build.0 = Release|Win32
		{01869C52-06E4-4A8F-B62A-06987D539D90}.Release|x64.ActiveCfg = Release|x64
		{01869C52-06E4-4A8F-B62A-06987D539D90}.Release|x64.Build.0 = Release|x64
		{8DC7B614-5E6F-464E-ADC1-A7B5DC33E84D}.Debug|Win32.ActiveCfg = Debug|Win32
		{8DC7B614-5E6F-464E-ADC1-A7B5DC33E84D}.Debug|Win32.Build.0 = Debug|Win32
		{8DC7B614-5E6F-464E-ADC1-A7B5DC33E84D}.Debug|x64.ActiveCfg = Debug|x64
		{8DC7B614-5E6F-464E-ADC1-A7B5DC33E84D}.Debug|x64.Build.0 = Debug|x64
		{8DC7B614-5E6F-464E-ADC1-A7B5DC33E84D}.Release|Win32.ActiveCfg = Release|Win32
		{8DC7B614-5E6F-464E-ADC1-A7B5DC33E84D}.Release|Win32.Build.0 = Release|Win32
		{8DC7B614-5E6F-464E-ADC1-A7B5DC33E84D}.Release|x64.ActiveCfg = Release|x64
		{8DC7B614-5E6F-464E-ADC1-A7B5DC33E84D}.Release|x64.Build.0 = Release|x64
		{EDE28E6F-1F9B-4C58-9D43-2293C1B2AFB7}.Debug|Win32.ActiveCfg = Debug|Win32
		{EDE28E6F-1F9B-4C58-9D43-2293C1B2AFB7}.Debug|Win32.Build.0 = Debug|Win32
		{EDE28E6F-1F9B-4C58-9D43-2293C1B2AFB7}.Debug|x64.ActiveCfg = Debug|x64
		{EDE28E6F-1F9B-4C58-9D43-2293C1B2AFB7}.Debug|x64.Build.0 = Debug|x64
		{EDE28E6F-1F9B-4C58-9D43-2293C1B2AFB7}.Release|Win32.ActiveCfg = Release|Win32
		{EDE28E6F-1F9B-4C58-9D43-2293C1B2AFB7}.Release|Win32.Build.0 = Release|Win32
		{EDE28E6F-1F9B-4C58-9D43-2293C1B2AFB7}.Release|x64.ActiveCfg = Release|x64
		{EDE28E6F-1F9B-4C58-9D43-2293C1B2AFB7}.Release|x64.Build.0 = Release|x64
		{9772DA59-5542-4931-919D-4537CC395C62}.Debug|Win32.ActiveCfg = Debug|Win32
		{9772DA59-5542-4931-919D-4537CC395C62}.Debug|Win32.Build.0 = Debug|Win32
		{9772DA59-5542-4931-919D-4537CC395C62}.Debug|x64.ActiveCfg = Debug|x64
		{9772DA59-5542-4931-919D-4537CC395C62}.Debug|x64.Build.0 = Debug|x64
		{9772DA59-5542-4931-919D-4537CC395C62}.Release|Win32.ActiveCfg = Release|Win32
		{9772DA59-5542-4931-919D-4537CC395C62}.Release|Win32.Build.0 = Release|Win32
		{9772DA59-5542-4931-919D-4537CC395C62}.Release|x64.ActiveCfg = Release|x64
		{9772DA59-5542-4931-919D-4537CC395C62}.Release|x64.Build.0 = Release|x64
		{9B6475EA-F1CF-41E7-B4F0-BDF7521B1B62}.Debug|Win32.ActiveCfg = Debug|Win32
		{9B6475EA-F1CF-41E7-B4F0-BDF7521B1B62}.Debug|Win32.Build.0 = Debug|Win32
		{9B6475EA-F1CF-41E7-B4F0-BDF7521B1B62}.Debug|x64.ActiveCfg = Debug|x64
		{9B6475EA-F1CF-41E7-B4F0-BDF7521B1B62}.Debug|x64.Build.0 = Debug|x64
		{9B6475EA-F1CF-41E7-B4F0-BDF7521B1B62}.Release|Win32.ActiveCfg = Release|Win32
		{9B6475EA-F1CF-41E7-B4F0-BDF7521B1B62}.Release|Win32.Build.0 = Release|Win32
		{9B6475EA-F1CF-41E7-B4F0-BDF7521B1B62}.Release|x64.ActiveCfg = Release|x64
		{9B6475EA-F1CF-41E7-B4F0-BDF7521B1B62}.Release|x64.Build.0 = Release|x64
		{FA826CA1-1913-46FE-8387-15364C4E968D}.Debug|Win32.ActiveCfg = Debug|Win32
		{FA826CA1-1913-46FE-8387-15364C4E968D}.Debug|Win32.Build.0 = Debug|Win32
		{FA826CA1-1913-46FE-8387-15364C4E968D}.Debug|x64.ActiveCfg = Debug|x64
		{FA826CA1-1913-46FE-8387-15364C4E968D}.Debug|x64.Build.0 = Debug|x64
		{FA826CA1-1913-46FE-8387-15364C4E968D}.Release|Win32.ActiveCfg = Release|Win32
		{FA826CA1-1913-46FE-8387-15364C4E968D}.Release|Win32.Build.0 = Release|Win32
		{FA826CA1-1913-46FE-8387-15364C4E968D}.Release|x64.ActiveCfg = Release|x64
		{FA826CA1-1913-46FE-8387-15364C4E968D}.Release|x64.Build.0 = Release|x64
		{FBE5FDE3-D3FB-43AD-AC7E-136D6DA5C39B}.Debug|Win32.ActiveCfg = Debug|Win32
		{FBE5FDE3-D3FB-43AD-AC7E-136D6DA5C39B}.Debug|Win32.Build.0 = Debug|Win32
		{FBE5FDE3-D3FB-43AD-AC7E-136D6DA5C39B}.Debug|x64.ActiveCfg = Debug|x64
		{FBE5FDE3-D3FB-43AD-AC7E-136D6DA5C39B}.Debug|x64.Build.0 = Debug|x64
		{FBE5FDE3-D3FB-43AD-AC7E-136D6DA5C39B}.Release|Win32.ActiveCfg = Release|Win32
		{FBE5FDE3-D3FB-43AD-AC7E-136D6DA5C39B}.Release|Win32.Build.0 = Release|Win32
		{FBE5FDE3-D3FB-43AD-AC7E-136D6DA5C39B}.Release|x64.ActiveCfg = Release|x64
		{FBE5FDE3-D3FB-43AD-AC7E-136D6DA5C39B}.Release|x64.Build.0 = Release|x64
		{342DCB4C-6DB7-4AB3-A3CB-39B6A71EFFD5}.Debug|Win32.ActiveCfg = Debug|Win32
		{342DCB4C-6DB7-4AB3-A3CB-39B6A71EFFD5}.Debug|Win32.Build.0 = Debug|Win32
		{342DCB4C-6DB7-4AB3-A3CB-39B6A71EFFD5}.Debug|x64.ActiveCfg = Debug|x64
		{342DCB4C-6DB7-4AB3-A3CB-39B6A71EFFD5}.Debug|x64.Build.0 = Debug|x64
		{342DCB4C-6DB7-4AB3-A3CB-39B6A71EFFD5}.Release|Win32.ActiveCfg = Release|Win32
		{342DCB4C-6DB7-4AB3-A3CB-39B6A71EFFD5}.Release|Win32.Build.0 = Release|Win32
		{342DCB4C-6DB7-4AB3-A3CB-39B6A71EFFD5}.Release|x64.ActiveCfg = Release|x64
		{342DCB4C-6DB7-4AB3-A3CB-39B6A71EFFD5}.Release|x64.Build.0 = Release|x64
		{89CC16BF-F0F2-4615-98C2-A7E1397D5051}.Debug|Win32.ActiveCfg = Debug|Win32
		{89CC16BF-F0F2-4615-98C2-A7E1397D5051}.Debug|Win32.Build.0 = Debug|Win32
		{89CC16BF-F0F2-4615-98C2-A7E1397D5051}.Debug|x64.ActiveCfg = Debug|x64
		{89CC16BF-F0F2-4615-98C2-A7E1397D5051}.Debug|x64.Build.0 = Debug|x64
		{89CC16BF-F0F2-4615-98C2-A7E1397D5051}.Release|Win32.ActiveCfg = Release|Win32
		{89CC16BF-F0F2-4615-98C2-A7E1397D5051}.Release|Win32.Build.0 = Release|Win32
		{89CC16BF-F0F2-4615-98C2-A7E1397D5051}.Release|x64.ActiveCfg = Release|x64
		{89CC16BF-F0F2-4615-98C2-A7E1397D5051}.Release|x64.Build.0 = Release|x64
		{CD4A593D-5B17-4F5A-832E-D6D348180597}.Debug|Win32.ActiveCfg = Debug|Win32
		{CD4A593D-5B17-4F5A-832E-D6D348180597}.Debug|Win32.Build.0 = Debug|Win32
		{CD4A593D-5B17-4F5A-832E-D6D348180597}.Debug|x64.ActiveCfg = Debug|x64
		{CD4A593D-5B17-4F5A-832E-D6D348180597}.Debug|x64.Build.0 = Debug|x64
		{CD4A593D-5B17-4F5A-832E-D6D348180597}.Release|Win32.ActiveCfg = Release|Win32
		{CD4A593D-5B17-4F5A-832E-D6D348180597}.Release|Win32.Build.0 = Release|Win32
		{CD4A593D-5B17-4F5A-832E-D6D348180597}.Release|x64.ActiveCfg = Release|x64
		{CD4A593D-5B17-4F5A-832E-D6D348180597}.Release|x64.Build.0 = Release|x64
		{715563C5-16EB-4CDF-8179-CD69CA25CD8D}.Debug|Win32.ActiveCfg = Debug|Win32
		{715563C5-16EB-4CDF-8179-CD69CA25CD8D}.Debug|Win32.Build.0 = Debug|Win32
		{715563C5-16EB-4CDF-8179-CD69CA25CD8D}.Debug|x64.ActiveCfg = Debug|x64
		{715563C5-16EB-4CDF-8179-CD69CA25CD8D}.Debug|x64.Build.0 = Debug|x64
		{715563C5-16EB-4CDF-8179-CD69CA25CD8D}.Release|Win32.ActiveCfg = Release|Win32
		{715563C5-16EB-4CDF-8179-CD69CA25CD8D}.Release|Win32.Build.0 = Release|Win32
		{715563C5-16EB-4CDF-8179-CD69CA25CD8D}.Release|x64.ActiveCfg = Release|x64
		{715563C5-16EB-4CDF-8179-CD69CA25CD8D}.Release|x64.Build.0 = Release|x64
		{A925DDCD-AD8E-49B2-B26A-7181FC250CF2}.Debug|Win32.ActiveCfg = Debug|Win32
		{A925DDCD-AD8E-49B2-B26A-7181FC250CF2}.Debug|Win32.Build.0 = Debug|Win32
		{A925DDCD-AD8E-49B2-B26A-7181FC250CF2}.Debug|x64.ActiveCfg = Debug|x64
		{A925DDCD-AD8E-49B2-B26A-7181FC250CF2}.Debug|x64.Build.0 = Debug|x64
		{A925DDCD-AD8E-49B2-B26A-7181FC250CF2}.Release|Win32.ActiveCfg = Release|Win32
		{A925DDCD-AD8E-49B2-B26A-7181FC250CF2}.Release|Win32.Build.0 = Release|Win32
		{A925DDCD-AD8E-49B2-B26A-7181FC250CF2}.Release|x64.ActiveCfg = Release|x64
		{A925DDCD-AD8E-49B2-B26A-7181FC250CF2}.Release|x64.Build.0 = Release|x64
		{B9F310E3-EA2B-409F-B8C0-A605A4DF4604}.Debug|Win32.ActiveCfg = Debug|Win32
		{B9F310E3-EA2B-409F-B8C0-A605A4DF4604}.Debug|Win32.Build.0 = Debug|Win32
		{B9F310E3-EA2B-409F-B8C0-A605A4DF4604}.Debug|x64.ActiveCfg = Debug|x64
		{B9F310E3-EA2B-409F-B8C0-A605A4DF4604}.Debug|x64.Build.0 = Debug|x64
		{B9F310E3-EA2B-409F-B8C0-A605A4DF4604}.Release|Win32.ActiveCfg = Release|Win32
		{B9F310E3-EA2B-409F-B8C0-A605A4DF4604}.Release|Win32.Build.0 = Release|Win32
		{B9F310E3-EA2B-409F-B8C0-A605A4DF4604}.Release|x64.ActiveCfg = Release|x64
		{B9F310E3-EA2B-409F-B8C0-A605A4DF4604}.Release|x64.Build.0 = Release|x64
		{59966512-BDF6-453C-9461-A46FEC811BEA}.Debug|Win32.ActiveCfg = Debug|Win32
		{59966512-BDF6-453C-9461-A46FEC811BEA}.Debug|Win32.Build.0 = Debug|Win32
		{59966512-BDF6-453C-9461-A46FEC811BEA}.Debug|x64.ActiveCfg = Debug|x64
		{59966512-BDF6-453C-9461-A46FEC811BEA}.Debug|x64.Build.0 = Debug|x64
		{59966512-BDF6-453C-9461-A46FEC811BEA}.Release|Win32.ActiveCfg = Release|Win32
		{59966512-BDF6-453C-9461-A46FEC811BEA}.Release|Win32.Build.0 = Release|Win32
		{59966512-BDF6-453C-9461-A46FEC811BEA}.Release|x64.ActiveCfg = Release|x64
		{59966512-BDF6-453C-9461-A46FEC811BEA}.Release|x64.Build.0 = Release|x64
		{5C10FF6C-EE91-437F-B50C-133841E9FCA4}.Debug|Win32.ActiveCfg = Debug|Win32
		{5C10FF6C-EE91-437F-B50C-133841E9FCA4}.Debug|Win32.Build.0 = Debug|Win32
		{5C10FF6C-EE91-437F-B50C-133841E9FCA4}.Debug|x64.ActiveCfg = Debug|x64
		{5C10FF6C-EE91-437F-B50C-133841E9FCA4}.Debug|x64.Build.0 = Debug|x64
		{5C10FF6C-EE91-437F-B50C-133841E9FCA4}.Release|Win32.ActiveCfg = Release|Win32
		{5C10FF6C-EE91-437F-B50C-133841E9FCA4}.Release|Win32.Build.0 = Release|Win32
		{5C10FF6C-EE91-437F-B50C-133841E9FCA4}.Release|x64.ActiveCfg = Release|x64
		{5C10FF6C-EE91-437F-B50C-133841E9FCA4}.Release|x64.Build.0 = Release|x64
		{709DFD75-D9F2-4176-B4FD-75E41C35BBD0}.Debug|Win32.ActiveCfg = Debug|Win32
		{709DFD75-D9F2-4176-B4FD-75E41C35BBD0}.Debug|Win32.Build.0 = Debug|Win32
		{709DFD75-D9F2-4176-B4FD-75E41C35BBD0}.Debug|x64.ActiveCfg = Debug|x64
		{709DFD75-D9F2-4176-B4FD-75E41C35BBD0}.Debug|x64.Build.0 = Debug|x64
		{709DFD75-D9F2-4176-B4FD-75E41C35BBD0}.Release|Win32.ActiveCfg = Release|Win32
		{709DFD75-D9F2-4176-B4FD-75E41C35BBD0}.Release|Win32.Build.0 = Release|Win32
		{709DFD75-D9F2-4176-B4FD-75E41C35BBD0}.Release|x64.ActiveCfg = Release|x64
		{709DFD75-D9F2-4176-B4FD-75E41C35BBD0}.Release|x64.Build.0 = Release|x64
		{D052CFC3-C62E-4DD2-B7B2-067E5312850C}.Debug|Win32.ActiveCfg = Debug|Win32
		{D052CFC3-C62E-4DD2-B7B2-067E5312850C}.Debug|Win32.Build.0 = Debug|Win32
		{D052CFC3-C62E-4DD2-B7B2-067E5312850C}.Debug|x64.ActiveCfg = Debug|x64
		{D052CFC3-C62E-4DD2-B7B2-067E5312850C}.Debug|x64.Build.0 = Debug|x64
		{D052CFC3-C62E-4DD2-B7B2-067E5312850C}.Release|Win32.ActiveCfg = Release|Win32
		{D052CFC3-C62E-4DD2-B7B2-067E5312850C}.Release|Win32.Build.0 = Release|Win32
		{D052CFC3-C62E-4DD2-B7B2-067E5312850C}.Release|x64.ActiveCfg = Release|x64
		{D052CFC3-C62E-4DD2-B7B2-067E5312850C}.Release|x64.Build.0 = Release|x64
		{4F0D7017-E0DC-429D-9358-BE76B729D15C}.Debug|Win32.ActiveCfg = Debug|Win32
		{4F0D7017-E0DC-429D-9358-BE76B729D15C}.Debug|Win32.Build.0 = Debug|Win32
		{4F0D7017-E0DC-429D-9358-BE76B729D15C}.Debug|x64.ActiveCfg = Debug|x64
		{4F0D7017-E0DC-429D-9358-BE76B729D15C}.Debug|x64.Build.0 = Debug|x64
		{4F0D7017-E0DC-429D-9358-BE76B729D15C}.Release|Win32.ActiveCfg = Release|Win32
		{4F0D7017-E0DC-429D-9358-BE76B729D15C}.Release|Win32.Build.0 = Release|Win32
		{4F0D7017-E0DC-429D-9358-BE76B729D15C}.Release|x64.ActiveCfg = Release|x64
		{4F0D7017-E0DC-429D-9358-BE76B729D15C}.Release|x64.Build.0 = Release|x64
	EndGlobalSection
	GlobalSection(SolutionProperties) = preSolution
		HideSolutionNode = FALSE
	EndGlobalSection
	GlobalSection(ExtensibilityGlobals) = postSolution
		SolutionGuid = {393FDEDE-F551-44DE-8501-6571F996D4C0}
	EndGlobalSection
EndGlobal
